// !$*UTF8*$!
{
	archiveVersion = 1;
	classes = {
	};
	objectVersion = 56;
	objects = {

/* Begin PBXBuildFile section */
		B10000000000000000000001 /* IceTideFishingApp.swift in Sources */ = {isa = PBXBuildFile; fileRef = B10000000000000000000011 /* IceTideFishingApp.swift */; };
		B10000000000000000000002 /* RootView.swift in Sources */ = {isa = PBXBuildFile; fileRef = B10000000000000000000012 /* RootView.swift */; };
		B10000000000000000000003 /* Assets.xcassets in Resources */ = {isa = PBXBuildFile; fileRef = B10000000000000000000013 /* Assets.xcassets */; };
		B10000000000000000000004 /* OceanPalette.swift in Sources */ = {isa = PBXBuildFile; fileRef = B10000000000000000000014 /* OceanPalette.swift */; };
		B10000000000000000000005 /* Definitions.swift in Sources */ = {isa = PBXBuildFile; fileRef = B10000000000000000000015 /* Definitions.swift */; };
		B10000000000000000000006 /* LunarCycle.swift in Sources */ = {isa = PBXBuildFile; fileRef = B10000000000000000000016 /* LunarCycle.swift */; };
		B10000000000000000000007 /* TideEngine.swift in Sources */ = {isa = PBXBuildFile; fileRef = B10000000000000000000017 /* TideEngine.swift */; };
		B10000000000000000000008 /* Depot.swift in Sources */ = {isa = PBXBuildFile; fileRef = B10000000000000000000018 /* Depot.swift */; };
		B10000000000000000000009 /* AbyssShapes.swift in Sources */ = {isa = PBXBuildFile; fileRef = B10000000000000000000019 /* AbyssShapes.swift */; };
		B1000000000000000000000A /* Glyphs.swift in Sources */ = {isa = PBXBuildFile; fileRef = B1000000000000000000001A /* Glyphs.swift */; };
		B1000000000000000000000B /* LunarDisc.swift in Sources */ = {isa = PBXBuildFile; fileRef = B1000000000000000000001B /* LunarDisc.swift */; };
		B1000000000000000000000C /* CapsuleControl.swift in Sources */ = {isa = PBXBuildFile; fileRef = B1000000000000000000001C /* CapsuleControl.swift */; };
		B1000000000000000000000D /* TideGraph.swift in Sources */ = {isa = PBXBuildFile; fileRef = B1000000000000000000001D /* TideGraph.swift */; };
		B1000000000000000000000E /* TimelineScreen.swift in Sources */ = {isa = PBXBuildFile; fileRef = B1000000000000000000001E /* TimelineScreen.swift */; };
		B1000000000000000000000F /* DayInsightScreen.swift in Sources */ = {isa = PBXBuildFile; fileRef = B1000000000000000000001F /* DayInsightScreen.swift */; };
		B10000000000000000000010 /* JournalScreen.swift in Sources */ = {isa = PBXBuildFile; fileRef = B10000000000000000000020 /* JournalScreen.swift */; };
		B10000000000000000000021 /* SpotlightScreen.swift in Sources */ = {isa = PBXBuildFile; fileRef = B10000000000000000000031 /* SpotlightScreen.swift */; };
		B10000000000000000000022 /* PredictorScreen.swift in Sources */ = {isa = PBXBuildFile; fileRef = B10000000000000000000032 /* PredictorScreen.swift */; };
		B10000000000000000000023 /* AlmanacScreen.swift in Sources */ = {isa = PBXBuildFile; fileRef = B10000000000000000000033 /* AlmanacScreen.swift */; };
		B10000000000000000000024 /* ConfigScreen.swift in Sources */ = {isa = PBXBuildFile; fileRef = B10000000000000000000034 /* ConfigScreen.swift */; };
/* End PBXBuildFile section */

/* Begin PBXFileReference section */
		B10000000000000000000011 /* IceTideFishingApp.swift */ = {isa = PBXFileReference; lastKnownFileType = sourcecode.swift; path = IceTideFishingApp.swift; sourceTree = "<group>"; };
		B10000000000000000000012 /* RootView.swift */ = {isa = PBXFileReference; lastKnownFileType = sourcecode.swift; path = RootView.swift; sourceTree = "<group>"; };
		B10000000000000000000013 /* Assets.xcassets */ = {isa = PBXFileReference; lastKnownFileType = folder.assetcatalog; path = Assets.xcassets; sourceTree = "<group>"; };
		B10000000000000000000014 /* OceanPalette.swift */ = {isa = PBXFileReference; lastKnownFileType = sourcecode.swift; path = OceanPalette.swift; sourceTree = "<group>"; };
		B10000000000000000000015 /* Definitions.swift */ = {isa = PBXFileReference; lastKnownFileType = sourcecode.swift; path = Definitions.swift; sourceTree = "<group>"; };
		B10000000000000000000016 /* LunarCycle.swift */ = {isa = PBXFileReference; lastKnownFileType = sourcecode.swift; path = LunarCycle.swift; sourceTree = "<group>"; };
		B10000000000000000000017 /* TideEngine.swift */ = {isa = PBXFileReference; lastKnownFileType = sourcecode.swift; path = TideEngine.swift; sourceTree = "<group>"; };
		B10000000000000000000018 /* Depot.swift */ = {isa = PBXFileReference; lastKnownFileType = sourcecode.swift; path = Depot.swift; sourceTree = "<group>"; };
		B10000000000000000000019 /* AbyssShapes.swift */ = {isa = PBXFileReference; lastKnownFileType = sourcecode.swift; path = AbyssShapes.swift; sourceTree = "<group>"; };
		B1000000000000000000001A /* Glyphs.swift */ = {isa = PBXFileReference; lastKnownFileType = sourcecode.swift; path = Glyphs.swift; sourceTree = "<group>"; };
		B1000000000000000000001B /* LunarDisc.swift */ = {isa = PBXFileReference; lastKnownFileType = sourcecode.swift; path = LunarDisc.swift; sourceTree = "<group>"; };
		B1000000000000000000001C /* CapsuleControl.swift */ = {isa = PBXFileReference; lastKnownFileType = sourcecode.swift; path = CapsuleControl.swift; sourceTree = "<group>"; };
		B1000000000000000000001D /* TideGraph.swift */ = {isa = PBXFileReference; lastKnownFileType = sourcecode.swift; path = TideGraph.swift; sourceTree = "<group>"; };
		B1000000000000000000001E /* TimelineScreen.swift */ = {isa = PBXFileReference; lastKnownFileType = sourcecode.swift; path = TimelineScreen.swift; sourceTree = "<group>"; };
		B1000000000000000000001F /* DayInsightScreen.swift */ = {isa = PBXFileReference; lastKnownFileType = sourcecode.swift; path = DayInsightScreen.swift; sourceTree = "<group>"; };
		B10000000000000000000020 /* JournalScreen.swift */ = {isa = PBXFileReference; lastKnownFileType = sourcecode.swift; path = JournalScreen.swift; sourceTree = "<group>"; };
		B10000000000000000000031 /* SpotlightScreen.swift */ = {isa = PBXFileReference; lastKnownFileType = sourcecode.swift; path = SpotlightScreen.swift; sourceTree = "<group>"; };
		B10000000000000000000032 /* PredictorScreen.swift */ = {isa = PBXFileReference; lastKnownFileType = sourcecode.swift; path = PredictorScreen.swift; sourceTree = "<group>"; };
		B10000000000000000000033 /* AlmanacScreen.swift */ = {isa = PBXFileReference; lastKnownFileType = sourcecode.swift; path = AlmanacScreen.swift; sourceTree = "<group>"; };
		B10000000000000000000034 /* ConfigScreen.swift */ = {isa = PBXFileReference; lastKnownFileType = sourcecode.swift; path = ConfigScreen.swift; sourceTree = "<group>"; };
		B10000000000000000000100 /* Ice Tide Fishing.app */ = {isa = PBXFileReference; explicitFileType = wrapper.application; includeInIndex = 0; path = "Ice Tide Fishing.app"; sourceTree = BUILT_PRODUCTS_DIR; };
/* End PBXFileReference section */

/* Begin PBXFrameworksBuildPhase section */
		B10000000000000000000200 /* Frameworks */ = {
			isa = PBXFrameworksBuildPhase;
			buildActionMask = 2147483647;
			files = (
			);
			runOnlyForDeploymentPostprocessing = 0;
		};
/* End PBXFrameworksBuildPhase section */

/* Begin PBXGroup section */
		B10000000000000000000300 = {
			isa = PBXGroup;
			children = (
				B10000000000000000000301 /* Ice Tide Fishing */,
				B10000000000000000000302 /* Products */,
			);
			sourceTree = "<group>";
		};
		B10000000000000000000301 /* Ice Tide Fishing */ = {
			isa = PBXGroup;
			children = (
				B10000000000000000000303 /* Launcher */,
				B10000000000000000000304 /* Core */,
				B10000000000000000000305 /* Render */,
				B10000000000000000000306 /* Screens */,
				B10000000000000000000013 /* Assets.xcassets */,
			);
			path = "Ice Tide Fishing";
			sourceTree = "<group>";
		};
		B10000000000000000000302 /* Products */ = {
			isa = PBXGroup;
			children = (
				B10000000000000000000100 /* Ice Tide Fishing.app */,
			);
			name = Products;
			sourceTree = "<group>";
		};
		B10000000000000000000303 /* Launcher */ = {
			isa = PBXGroup;
			children = (
				B10000000000000000000011 /* IceTideFishingApp.swift */,
				B10000000000000000000012 /* RootView.swift */,
			);
			path = Launcher;
			sourceTree = "<group>";
		};
		B10000000000000000000304 /* Core */ = {
			isa = PBXGroup;
			children = (
				B10000000000000000000014 /* OceanPalette.swift */,
				B10000000000000000000015 /* Definitions.swift */,
				B10000000000000000000016 /* LunarCycle.swift */,
				B10000000000000000000017 /* TideEngine.swift */,
				B10000000000000000000018 /* Depot.swift */,
			);
			path = Core;
			sourceTree = "<group>";
		};
		B10000000000000000000305 /* Render */ = {
			isa = PBXGroup;
			children = (
				B10000000000000000000019 /* AbyssShapes.swift */,
				B1000000000000000000001A /* Glyphs.swift */,
				B1000000000000000000001B /* LunarDisc.swift */,
				B1000000000000000000001C /* CapsuleControl.swift */,
				B1000000000000000000001D /* TideGraph.swift */,
			);
			path = Render;
			sourceTree = "<group>";
		};
		B10000000000000000000306 /* Screens */ = {
			isa = PBXGroup;
			children = (
				B1000000000000000000001E /* TimelineScreen.swift */,
				B1000000000000000000001F /* DayInsightScreen.swift */,
				B10000000000000000000020 /* JournalScreen.swift */,
				B10000000000000000000031 /* SpotlightScreen.swift */,
				B10000000000000000000032 /* PredictorScreen.swift */,
				B10000000000000000000033 /* AlmanacScreen.swift */,
				B10000000000000000000034 /* ConfigScreen.swift */,
			);
			path = Screens;
			sourceTree = "<group>";
		};
/* End PBXGroup section */

/* Begin PBXNativeTarget section */
		B10000000000000000000400 /* Ice Tide Fishing */ = {
			isa = PBXNativeTarget;
			buildConfigurationList = B10000000000000000000600 /* Build configuration list for PBXNativeTarget "Ice Tide Fishing" */;
			buildPhases = (
				B10000000000000000000401 /* Sources */,
				B10000000000000000000200 /* Frameworks */,
				B10000000000000000000402 /* Resources */,
			);
			buildRules = (
			);
			dependencies = (
			);
			name = "Ice Tide Fishing";
			productName = "Ice Tide Fishing";
			productReference = B10000000000000000000100 /* Ice Tide Fishing.app */;
			productType = "com.apple.product-type.application";
		};
/* End PBXNativeTarget section */

/* Begin PBXProject section */
		B10000000000000000000500 /* Project object */ = {
			isa = PBXProject;
			attributes = {
				BuildIndependentTargetsInParallel = 1;
				LastSwiftUpdateCheck = 1500;
				LastUpgradeCheck = 1500;
				TargetAttributes = {
					B10000000000000000000400 = {
						CreatedOnToolsVersion = 15.0;
					};
				};
			};
			buildConfigurationList = B10000000000000000000501 /* Build configuration list for PBXProject "Ice Tide Fishing" */;
			compatibilityVersion = "Xcode 14.0";
			developmentRegion = en;
			hasScannedForEncodings = 0;
			knownRegions = (
				en,
				Base,
			);
			mainGroup = B10000000000000000000300;
			productRefGroup = B10000000000000000000302 /* Products */;
			projectDirPath = "";
			projectRoot = "";
			targets = (
				B10000000000000000000400 /* Ice Tide Fishing */,
			);
		};
/* End PBXProject section */

/* Begin PBXResourcesBuildPhase section */
		B10000000000000000000402 /* Resources */ = {
			isa = PBXResourcesBuildPhase;
			buildActionMask = 2147483647;
			files = (
				B10000000000000000000003 /* Assets.xcassets in Resources */,
			);
			runOnlyForDeploymentPostprocessing = 0;
		};
/* End PBXResourcesBuildPhase section */

/* Begin PBXSourcesBuildPhase section */
		B10000000000000000000401 /* Sources */ = {
			isa = PBXSourcesBuildPhase;
			buildActionMask = 2147483647;
			files = (
				B10000000000000000000001 /* IceTideFishingApp.swift in Sources */,
				B10000000000000000000002 /* RootView.swift in Sources */,
				B10000000000000000000004 /* OceanPalette.swift in Sources */,
				B10000000000000000000005 /* Definitions.swift in Sources */,
				B10000000000000000000006 /* LunarCycle.swift in Sources */,
				B10000000000000000000007 /* TideEngine.swift in Sources */,
				B10000000000000000000008 /* Depot.swift in Sources */,
				B10000000000000000000009 /* AbyssShapes.swift in Sources */,
				B1000000000000000000000A /* Glyphs.swift in Sources */,
				B1000000000000000000000B /* LunarDisc.swift in Sources */,
				B1000000000000000000000C /* CapsuleControl.swift in Sources */,
				B1000000000000000000000D /* TideGraph.swift in Sources */,
				B1000000000000000000000E /* TimelineScreen.swift in Sources */,
				B1000000000000000000000F /* DayInsightScreen.swift in Sources */,
				B10000000000000000000010 /* JournalScreen.swift in Sources */,
				B10000000000000000000021 /* SpotlightScreen.swift in Sources */,
				B10000000000000000000022 /* PredictorScreen.swift in Sources */,
				B10000000000000000000023 /* AlmanacScreen.swift in Sources */,
				B10000000000000000000024 /* ConfigScreen.swift in Sources */,
			);
			runOnlyForDeploymentPostprocessing = 0;
		};
/* End PBXSourcesBuildPhase section */

/* Begin XCBuildConfiguration section */
		B10000000000000000000601 /* Debug */ = {
			isa = XCBuildConfiguration;
			buildSettings = {
				ALWAYS_SEARCH_USER_PATHS = NO;
				CLANG_ANALYZER_NONNULL = YES;
				CLANG_ANALYZER_NUMBER_OBJECT_CONVERSION = YES_AGGRESSIVE;
				CLANG_CXX_LANGUAGE_STANDARD = "gnu++20";
				CLANG_ENABLE_MODULES = YES;
				CLANG_ENABLE_OBJC_ARC = YES;
				CLANG_ENABLE_OBJC_WEAK = YES;
				CLANG_WARN_BLOCK_CAPTURE_AUTORELEASING = YES;
				CLANG_WARN_BOOL_CONVERSION = YES;
				CLANG_WARN_COMMA = YES;
				CLANG_WARN_CONSTANT_CONVERSION = YES;
				CLANG_WARN_DEPRECATED_OBJC_IMPLEMENTATIONS = YES;
				CLANG_WARN_DIRECT_OBJC_ISA_USAGE = YES_ERROR;
				CLANG_WARN_DOCUMENTATION_COMMENTS = YES;
				CLANG_WARN_EMPTY_BODY = YES;
				CLANG_WARN_ENUM_CONVERSION = YES;
				CLANG_WARN_INFINITE_RECURSION = YES;
				CLANG_WARN_INT_CONVERSION = YES;
				CLANG_WARN_NON_LITERAL_NULL_CONVERSION = YES;
				CLANG_WARN_OBJC_IMPLICIT_RETAIN_SELF = YES;
				CLANG_WARN_OBJC_LITERAL_CONVERSION = YES;
				CLANG_WARN_OBJC_ROOT_CLASS = YES_ERROR;
				CLANG_WARN_QUOTED_INCLUDE_IN_FRAMEWORK_HEADER = YES;
				CLANG_WARN_RANGE_LOOP_ANALYSIS = YES;
				CLANG_WARN_STRICT_PROTOTYPES = YES;
				CLANG_WARN_SUSPICIOUS_MOVE = YES;
				CLANG_WARN_UNGUARDED_AVAILABILITY = YES_AGGRESSIVE;
				CLANG_WARN_UNREACHABLE_CODE = YES;
				CLANG_WARN__DUPLICATE_METHOD_MATCH = YES;
				COPY_PHASE_STRIP = NO;
				DEBUG_INFORMATION_FORMAT = dwarf;
				ENABLE_STRICT_OBJC_MSGSEND = YES;
				ENABLE_TESTABILITY = YES;
				GCC_C_LANGUAGE_STANDARD = gnu11;
				GCC_DYNAMIC_NO_PIC = NO;
				GCC_NO_COMMON_BLOCKS = YES;
				GCC_OPTIMIZATION_LEVEL = 0;
				GCC_PREPROCESSOR_DEFINITIONS = (
					"DEBUG=1",
					"$(inherited)",
				);
				GCC_WARN_64_TO_32_BIT_CONVERSION = YES;
				GCC_WARN_ABOUT_RETURN_TYPE = YES_ERROR;
				GCC_WARN_UNDECLARED_SELECTOR = YES;
				GCC_WARN_UNINITIALIZED_AUTOS = YES_AGGRESSIVE;
				GCC_WARN_UNUSED_FUNCTION = YES;
				GCC_WARN_UNUSED_VARIABLE = YES;
				IPHONEOS_DEPLOYMENT_TARGET = 15.6;
				MTL_ENABLE_DEBUG_INFO = INCLUDE_SOURCE;
				MTL_FAST_MATH = YES;
				ONLY_ACTIVE_ARCH = YES;
				SDKROOT = iphoneos;
				SWIFT_ACTIVE_COMPILATION_CONDITIONS = DEBUG;
				SWIFT_OPTIMIZATION_LEVEL = "-Onone";
			};
			name = Debug;
		};
		B10000000000000000000602 /* Release */ = {
			isa = XCBuildConfiguration;
			buildSettings = {
				ALWAYS_SEARCH_USER_PATHS = NO;
				CLANG_ANALYZER_NONNULL = YES;
				CLANG_ANALYZER_NUMBER_OBJECT_CONVERSION = YES_AGGRESSIVE;
				CLANG_CXX_LANGUAGE_STANDARD = "gnu++20";
				CLANG_ENABLE_MODULES = YES;
				CLANG_ENABLE_OBJC_ARC = YES;
				CLANG_ENABLE_OBJC_WEAK = YES;
				CLANG_WARN_BLOCK_CAPTURE_AUTORELEASING = YES;
				CLANG_WARN_BOOL_CONVERSION = YES;
				CLANG_WARN_COMMA = YES;
				CLANG_WARN_CONSTANT_CONVERSION = YES;
				CLANG_WARN_DEPRECATED_OBJC_IMPLEMENTATIONS = YES;
				CLANG_WARN_DIRECT_OBJC_ISA_USAGE = YES_ERROR;
				CLANG_WARN_DOCUMENTATION_COMMENTS = YES;
				CLANG_WARN_EMPTY_BODY = YES;
				CLANG_WARN_ENUM_CONVERSION = YES;
				CLANG_WARN_INFINITE_RECURSION = YES;
				CLANG_WARN_INT_CONVERSION = YES;
				CLANG_WARN_NON_LITERAL_NULL_CONVERSION = YES;
				CLANG_WARN_OBJC_IMPLICIT_RETAIN_SELF = YES;
				CLANG_WARN_OBJC_LITERAL_CONVERSION = YES;
				CLANG_WARN_OBJC_ROOT_CLASS = YES_ERROR;
				CLANG_WARN_QUOTED_INCLUDE_IN_FRAMEWORK_HEADER = YES;
				CLANG_WARN_RANGE_LOOP_ANALYSIS = YES;
				CLANG_WARN_STRICT_PROTOTYPES = YES;
				CLANG_WARN_SUSPICIOUS_MOVE = YES;
				CLANG_WARN_UNGUARDED_AVAILABILITY = YES_AGGRESSIVE;
				CLANG_WARN_UNREACHABLE_CODE = YES;
				CLANG_WARN__DUPLICATE_METHOD_MATCH = YES;
				COPY_PHASE_STRIP = NO;
				DEBUG_INFORMATION_FORMAT = "dwarf-with-dsym";
				ENABLE_NS_ASSERTIONS = NO;
				ENABLE_STRICT_OBJC_MSGSEND = YES;
				GCC_C_LANGUAGE_STANDARD = gnu11;
				GCC_NO_COMMON_BLOCKS = YES;
				GCC_WARN_64_TO_32_BIT_CONVERSION = YES;
				GCC_WARN_ABOUT_RETURN_TYPE = YES_ERROR;
				GCC_WARN_UNDECLARED_SELECTOR = YES;
				GCC_WARN_UNINITIALIZED_AUTOS = YES_AGGRESSIVE;
				GCC_WARN_UNUSED_FUNCTION = YES;
				GCC_WARN_UNUSED_VARIABLE = YES;
				IPHONEOS_DEPLOYMENT_TARGET = 15.6;
				MTL_ENABLE_DEBUG_INFO = NO;
				MTL_FAST_MATH = YES;
				SDKROOT = iphoneos;
				SWIFT_COMPILATION_MODE = wholemodule;
				SWIFT_OPTIMIZATION_LEVEL = "-O";
				VALIDATE_PRODUCT = YES;
			};
			name = Release;
		};
		B10000000000000000000603 /* Debug */ = {
			isa = XCBuildConfiguration;
			buildSettings = {
				ASSETCATALOG_COMPILER_APPICON_NAME = AppIcon;
				ASSETCATALOG_COMPILER_GLOBAL_ACCENT_COLOR_NAME = AccentColor;
				CODE_SIGN_STYLE = Manual;
				CURRENT_PROJECT_VERSION = 2;
				DEVELOPMENT_TEAM = "";
				ENABLE_PREVIEWS = YES;
				GENERATE_INFOPLIST_FILE = YES;
				INFOPLIST_KEY_CFBundleDisplayName = "Ice Tide Fishing";
				INFOPLIST_KEY_LSApplicationCategoryType = "public.app-category.utilities";
				INFOPLIST_KEY_UIApplicationSceneManifest_Generation = YES;
				INFOPLIST_KEY_UIApplicationSupportsIndirectInputEvents = YES;
				INFOPLIST_KEY_UILaunchScreen_Generation = YES;
				INFOPLIST_KEY_UISupportedInterfaceOrientations_iPad = "UIInterfaceOrientationPortrait UIInterfaceOrientationPortraitUpsideDown UIInterfaceOrientationLandscapeLeft UIInterfaceOrientationLandscapeRight";
				INFOPLIST_KEY_UISupportedInterfaceOrientations_iPhone = "UIInterfaceOrientationPortrait UIInterfaceOrientationLandscapeLeft UIInterfaceOrientationLandscapeRight";
				LD_RUNPATH_SEARCH_PATHS = (
					"$(inherited)",
					"@executable_path/Frameworks",
				);
				MARKETING_VERSION = 1.0;
				PRODUCT_BUNDLE_IDENTIFIER = "com.haleypagac.ice-tide-fishing";
				PRODUCT_NAME = "$(TARGET_NAME)";
				PROVISIONING_PROFILE_SPECIFIER = "";
				SUPPORTED_PLATFORMS = "iphoneos iphonesimulator";
				SUPPORTS_MACCATALYST = NO;
				SUPPORTS_MAC_DESIGNED_FOR_IPHONE_IPAD = NO;
				SUPPORTS_XR_DESIGNED_FOR_IPHONE_IPAD = NO;
				SWIFT_EMIT_LOC_STRINGS = YES;
				SWIFT_VERSION = 5.0;
				TARGETED_DEVICE_FAMILY = 1;
			};
			name = Debug;
		};
		B10000000000000000000604 /* Release */ = {
			isa = XCBuildConfiguration;
			buildSettings = {
				ASSETCATALOG_COMPILER_APPICON_NAME = AppIcon;
				ASSETCATALOG_COMPILER_GLOBAL_ACCENT_COLOR_NAME = AccentColor;
				CODE_SIGN_STYLE = Manual;
				CURRENT_PROJECT_VERSION = 2;
				DEVELOPMENT_TEAM = "";
				ENABLE_PREVIEWS = YES;
				GENERATE_INFOPLIST_FILE = YES;
				INFOPLIST_KEY_CFBundleDisplayName = "Ice Tide Fishing";
				INFOPLIST_KEY_LSApplicationCategoryType = "public.app-category.utilities";
				INFOPLIST_KEY_UIApplicationSceneManifest_Generation = YES;
				INFOPLIST_KEY_UIApplicationSupportsIndirectInputEvents = YES;
				INFOPLIST_KEY_UILaunchScreen_Generation = YES;
				INFOPLIST_KEY_UISupportedInterfaceOrientations_iPad = "UIInterfaceOrientationPortrait UIInterfaceOrientationPortraitUpsideDown UIInterfaceOrientationLandscapeLeft UIInterfaceOrientationLandscapeRight";
				INFOPLIST_KEY_UISupportedInterfaceOrientations_iPhone = "UIInterfaceOrientationPortrait UIInterfaceOrientationLandscapeLeft UIInterfaceOrientationLandscapeRight";
				LD_RUNPATH_SEARCH_PATHS = (
					"$(inherited)",
					"@executable_path/Frameworks",
				);
				MARKETING_VERSION = 1.0;
				PRODUCT_BUNDLE_IDENTIFIER = "com.haleypagac.ice-tide-fishing";
				PRODUCT_NAME = "$(TARGET_NAME)";
				PROVISIONING_PROFILE_SPECIFIER = "";
				SUPPORTED_PLATFORMS = "iphoneos iphonesimulator";
				SUPPORTS_MACCATALYST = NO;
				SUPPORTS_MAC_DESIGNED_FOR_IPHONE_IPAD = NO;
				SUPPORTS_XR_DESIGNED_FOR_IPHONE_IPAD = NO;
				SWIFT_EMIT_LOC_STRINGS = YES;
				SWIFT_VERSION = 5.0;
				TARGETED_DEVICE_FAMILY = 1;
			};
			name = Release;
		};
/* End XCBuildConfiguration section */

/* Begin XCConfigurationList section */
		B10000000000000000000501 /* Build configuration list for PBXProject "Ice Tide Fishing" */ = {
			isa = XCConfigurationList;
			buildConfigurations = (
				B10000000000000000000601 /* Debug */,
				B10000000000000000000602 /* Release */,
			);
			defaultConfigurationIsVisible = 0;
			defaultConfigurationName = Release;
		};
		B10000000000000000000600 /* Build configuration list for PBXNativeTarget "Ice Tide Fishing" */ = {
			isa = XCConfigurationList;
			buildConfigurations = (
				B10000000000000000000603 /* Debug */,
				B10000000000000000000604 /* Release */,
			);
			defaultConfigurationIsVisible = 0;
			defaultConfigurationName = Release;
		};
/* End XCConfigurationList section */
	};
	rootObject = B10000000000000000000500 /* Project object */;
}
